
Microsoft Visual Studio Solution File, Format Version 12.00
# Blend for Visual Studio 14
VisualStudioVersion = 14.0.25123.0
MinimumVisualStudioVersion = 10.0.40219.1
Project("{FAE04EC0-301F-11D3-BF4B-00C04F79EFBC}") = "WpfApplication1", "WpfApplication1\WpfApplication1.csproj", "{2F291FFC-7293-40F0-83A4-0DD7F31CAE4D}"
EndProject
Global
	GlobalSection(SolutionConfigurationPlatforms) = preSolution
		Debug|Any CPU = Debug|Any CPU
		Release|Any CPU = Release|Any CPU
	EndGlobalSection
	GlobalSection(ProjectConfigurationPlatforms) = postSolution
		{2F291FFC-7293-40F0-83A4-0DD7F31CAE4D}.Debug|Any CPU.ActiveCfg = Debug|Any CPU
		{2F291FFC-7293-40F0-83A4-0DD7F31CAE4D}.Debug|Any CPU.Build.0 = Debug|Any CPU
		{2F291FFC-7293-40F0-83A4-0DD7F31CAE4D}.Release|Any CPU.ActiveCfg = Release|Any CPU
		{2F291FFC-7293-40F0-83A4-0DD7F31CAE4D}.Release|Any CPU.Build.0 = Release|Any CPU
	EndGlobalSection
	GlobalSection(SolutionProperties) = preSolution
		HideSolutionNode = FALSE
	EndGlobalSection
EndGlobal
